{
  "name": "nusadinamikasolusindo",
  "lockfileVersion": 2,
  "requires": true,
  "packages": {
    "": {
      "dependencies": {
        "scrollax": "^1.0.0"
      }
    },
    "node_modules/scrollax": {
      "version": "1.0.0",
      "resolved": "https://registry.npmjs.org/scrollax/-/scrollax-1.0.0.tgz",
      "integrity": "sha512-Yw0tyAYMoev+fmG4c174Agg2pGqqJpJM5NhxAB7jqjt1El0TIM6TGNYFnIcsHDhYVBJ0SjKpsqHjUe+JgMDzaA=="
    }
  },
  "dependencies": {
    "scrollax": {
      "version": "1.0.0",
      "resolved": "https://registry.npmjs.org/scrollax/-/scrollax-1.0.0.tgz",
      "integrity": "sha512-Yw0tyAYMoev+fmG4c174Agg2pGqqJpJM5NhxAB7jqjt1El0TIM6TGNYFnIcsHDhYVBJ0SjKpsqHjUe+JgMDzaA=="
    }
  }
}
